PODS:
  - Alamofire (5.4.3)
  - Cleanse (4.2.6)
  - CRRefresh (1.1.3)
  - NVActivityIndicatorView (4.8.0):
    - NVActivityIndicatorView/Presenter (= 4.8.0)
  - NVActivityIndicatorView/Presenter (4.8.0)
  - Realm (5.5.2):
    - Realm/Headers (= 5.5.2)
  - Realm/Headers (5.5.2)
  - RealmSwift (5.5.2):
    - Realm (= 5.5.2)
  - RxAlamofire (5.6.2):
    - RxAlamofire/Core (= 5.6.2)
  - RxAlamofire/Core (5.6.2):
    - Alamofire (~> 5.2)
    - RxSwift (~> 5.1)
  - RxCocoa (5.1.1):
    - RxRelay (~> 5)
    - RxSwift (~> 5)
  - RxRelay (5.1.3):
    - RxSwift (~> 5)
  - RxSwift (5.1.1)
  - SDWebImage (5.15.0):
    - SDWebImage/Core (= 5.15.0)
  - SDWebImage/Core (5.15.0)
  - SnapKit (5.0.1)

DEPENDENCIES:
  - Alamofire (= 5.4.3)
  - Cleanse (= 4.2.6)
  - CRRefresh (= 1.1.3)
  - NVActivityIndicatorView (= 4.8.0)
  - Realm (from `https://github.com/realm/realm-cocoa.git`, tag `v5.5.2`)
  - RealmSwift (from `https://github.com/realm/realm-cocoa.git`, tag `v5.5.2`)
  - RxAlamofire (= 5.6.2)
  - RxCocoa (= 5.1.1)
  - RxSwift (= 5.1.1)
  - SDWebImage (= 5.15.0)
  - SnapKit (= 5.0.1)

SPEC REPOS:
  trunk:
    - Alamofire
    - Cleanse
    - CRRefresh
    - NVActivityIndicatorView
    - RxAlamofire
    - RxCocoa
    - RxRelay
    - RxSwift
    - SDWebImage
    - SnapKit

EXTERNAL SOURCES:
  Realm:
    :git: https://github.com/realm/realm-cocoa.git
    :submodules: true
    :tag: v5.5.2
  RealmSwift:
    :git: https://github.com/realm/realm-cocoa.git
    :submodules: true
    :tag: v5.5.2

CHECKOUT OPTIONS:
  Realm:
    :git: https://github.com/realm/realm-cocoa.git
    :submodules: true
    :tag: v5.5.2
  RealmSwift:
    :git: https://github.com/realm/realm-cocoa.git
    :submodules: true
    :tag: v5.5.2

SPEC CHECKSUMS:
  Alamofire: e447a2774a40c996748296fa2c55112fdbbc42f9
  Cleanse: 6bfc62033dcc0e5ba7992f410a5352ddd1283551
  CRRefresh: 1415d4ae06837fa7bb064c44f2e102f3ef517044
  NVActivityIndicatorView: d24b7ebcf80af5dcd994adb650e2b6c93379270f
  Realm: 8d22fdff88cd93ee2ff9bdb37a286f7c90424024
  RealmSwift: 8e5decdf389228d974f2f529ae59a5d4a1c0bda3
  RxAlamofire: aa949d345b1689eae02b7c7a217518878144f6df
  RxCocoa: 32065309a38d29b5b0db858819b5bf9ef038b601
  RxRelay: 5a18c2eb2d68326ebaf0112f80d837ae41b92b97
  RxSwift: 81470a2074fa8780320ea5fe4102807cb7118178
  SDWebImage: 9bec4c5cdd9579e1f57104735ee0c37df274d593
  SnapKit: 97b92857e3df3a0c71833cce143274bf6ef8e5eb

PODFILE CHECKSUM: ffbb11446c57f0272a670e3d3b021629d01e661f

COCOAPODS: 1.11.3
