// !$*UTF8*$!
{
	archiveVersion = 1;
	classes = {
	};
	objectVersion = 56;
	objects = {

/* Begin PBXBuildFile section */
		7EB907A8ECDAE8398A743563 /* Pods_PokedexTests.framework in Frameworks */ = {isa = PBXBuildFile; fileRef = FE2866A7BC2C66D2F1968D79 /* Pods_PokedexTests.framework */; };
		80A455402993526700DFD458 /* ProvidedViewControllerResolver.swift in Sources */ = {isa = PBXBuildFile; fileRef = 80A455222993526700DFD458 /* ProvidedViewControllerResolver.swift */; };
		80A455412993526700DFD458 /* InjectorResolver.swift in Sources */ = {isa = PBXBuildFile; fileRef = 80A455232993526700DFD458 /* InjectorResolver.swift */; };
		80A455422993526700DFD458 /* ViewControllerResolver.swift in Sources */ = {isa = PBXBuildFile; fileRef = 80A455242993526700DFD458 /* ViewControllerResolver.swift */; };
		80A455432993526700DFD458 /* ProvidedInjectorResolver.swift in Sources */ = {isa = PBXBuildFile; fileRef = 80A455252993526700DFD458 /* ProvidedInjectorResolver.swift */; };
		80A455442993526700DFD458 /* MainInjectorResolver.swift in Sources */ = {isa = PBXBuildFile; fileRef = 80A455272993526700DFD458 /* MainInjectorResolver.swift */; };
		80A455452993526700DFD458 /* CoreModule.swift in Sources */ = {isa = PBXBuildFile; fileRef = 80A455282993526700DFD458 /* CoreModule.swift */; };
		80A455462993526700DFD458 /* DataModule.swift in Sources */ = {isa = PBXBuildFile; fileRef = 80A4552A2993526700DFD458 /* DataModule.swift */; };
		80A455472993526700DFD458 /* RealmDatabaseModule.swift in Sources */ = {isa = PBXBuildFile; fileRef = 80A4552C2993526700DFD458 /* RealmDatabaseModule.swift */; };
		80A455482993526700DFD458 /* MyAPIModule.swift in Sources */ = {isa = PBXBuildFile; fileRef = 80A4552E2993526700DFD458 /* MyAPIModule.swift */; };
		80A455492993526700DFD458 /* NetworkingModule.swift in Sources */ = {isa = PBXBuildFile; fileRef = 80A4552F2993526700DFD458 /* NetworkingModule.swift */; };
		80A4554A2993526700DFD458 /* DomainModule.swift in Sources */ = {isa = PBXBuildFile; fileRef = 80A455312993526700DFD458 /* DomainModule.swift */; };
		80A4554B2993526700DFD458 /* UIKitControllerModule.swift in Sources */ = {isa = PBXBuildFile; fileRef = 80A455332993526700DFD458 /* UIKitControllerModule.swift */; };
		80A4554C2993526700DFD458 /* ViewModelModule.swift in Sources */ = {isa = PBXBuildFile; fileRef = 80A455342993526700DFD458 /* ViewModelModule.swift */; };
		80A4554D2993526700DFD458 /* MainPageModule.swift in Sources */ = {isa = PBXBuildFile; fileRef = 80A455352993526700DFD458 /* MainPageModule.swift */; };
		80A4554E2993526700DFD458 /* UIKitModule.swift in Sources */ = {isa = PBXBuildFile; fileRef = 80A455362993526700DFD458 /* UIKitModule.swift */; };
		80A4554F2993526700DFD458 /* PresentationModule.swift in Sources */ = {isa = PBXBuildFile; fileRef = 80A455372993526700DFD458 /* PresentationModule.swift */; };
		80A455502993526700DFD458 /* MainViewControllerResolver.swift in Sources */ = {isa = PBXBuildFile; fileRef = 80A455382993526700DFD458 /* MainViewControllerResolver.swift */; };
		80A455512993526700DFD458 /* SingletonScope.swift in Sources */ = {isa = PBXBuildFile; fileRef = 80A4553A2993526700DFD458 /* SingletonScope.swift */; };
		80A455522993526700DFD458 /* Constans.swift in Sources */ = {isa = PBXBuildFile; fileRef = 80A4553C2993526700DFD458 /* Constans.swift */; };
		80A455532993526700DFD458 /* UIViewControllerExtensions.swift in Sources */ = {isa = PBXBuildFile; fileRef = 80A4553D2993526700DFD458 /* UIViewControllerExtensions.swift */; };
		80A455542993526700DFD458 /* RealmHelper.swift in Sources */ = {isa = PBXBuildFile; fileRef = 80A4553F2993526700DFD458 /* RealmHelper.swift */; };
		80A45556299352DD00DFD458 /* AppComponent.swift in Sources */ = {isa = PBXBuildFile; fileRef = 80A45555299352DD00DFD458 /* AppComponent.swift */; };
		80A4555E2993532400DFD458 /* JsonRequest.swift in Sources */ = {isa = PBXBuildFile; fileRef = 80A455592993532400DFD458 /* JsonRequest.swift */; };
		80A4555F2993532400DFD458 /* MyAFRequest+JsonRequest.swift in Sources */ = {isa = PBXBuildFile; fileRef = 80A4555C2993532400DFD458 /* MyAFRequest+JsonRequest.swift */; };
		80A455602993532400DFD458 /* MyAFRequest.swift in Sources */ = {isa = PBXBuildFile; fileRef = 80A4555D2993532400DFD458 /* MyAFRequest.swift */; };
		80A455652993538300DFD458 /* NameSpaceData.swift in Sources */ = {isa = PBXBuildFile; fileRef = 80A455642993538300DFD458 /* NameSpaceData.swift */; };
		80A455672993539000DFD458 /* MyJsonAPI.swift in Sources */ = {isa = PBXBuildFile; fileRef = 80A455662993539000DFD458 /* MyJsonAPI.swift */; };
		80A4556A299355EB00DFD458 /* RemotePokeListEntity.swift in Sources */ = {isa = PBXBuildFile; fileRef = 80A45569299355EB00DFD458 /* RemotePokeListEntity.swift */; };
		80A4556D299356CF00DFD458 /* GetPokemonListDataSource.swift in Sources */ = {isa = PBXBuildFile; fileRef = 80A4556C299356CF00DFD458 /* GetPokemonListDataSource.swift */; };
		80A4556F2993575900DFD458 /* MyJsonAPI+GetPokemonList.swift in Sources */ = {isa = PBXBuildFile; fileRef = 80A4556E2993575900DFD458 /* MyJsonAPI+GetPokemonList.swift */; };
		80A4557129935BC900DFD458 /* RemotePokemonDetail.swift in Sources */ = {isa = PBXBuildFile; fileRef = 80A4557029935BC900DFD458 /* RemotePokemonDetail.swift */; };
		80A4557329935D3100DFD458 /* GetPokemonDetailDataSource.swift in Sources */ = {isa = PBXBuildFile; fileRef = 80A4557229935D3100DFD458 /* GetPokemonDetailDataSource.swift */; };
		80A4557529935D9A00DFD458 /* MyJsonAPI+GetPokemonDetail.swift in Sources */ = {isa = PBXBuildFile; fileRef = 80A4557429935D9A00DFD458 /* MyJsonAPI+GetPokemonDetail.swift */; };
		80A455772993687800DFD458 /* DataError.swift in Sources */ = {isa = PBXBuildFile; fileRef = 80A455762993687800DFD458 /* DataError.swift */; };
		80A4557C2993696C00DFD458 /* MainTabViewController.swift in Sources */ = {isa = PBXBuildFile; fileRef = 80A4557B2993696C00DFD458 /* MainTabViewController.swift */; };
		80A4557E2993699300DFD458 /* NameSpacePresentation.swift in Sources */ = {isa = PBXBuildFile; fileRef = 80A4557D2993699300DFD458 /* NameSpacePresentation.swift */; };
		80A45580299369AA00DFD458 /* NameSpaceUiKit.swift in Sources */ = {isa = PBXBuildFile; fileRef = 80A4557F299369AA00DFD458 /* NameSpaceUiKit.swift */; };
		80A45582299369CC00DFD458 /* HomeViewController.swift in Sources */ = {isa = PBXBuildFile; fileRef = 80A45581299369CC00DFD458 /* HomeViewController.swift */; };
		80A4558429936CCE00DFD458 /* FavoriteViewController.swift in Sources */ = {isa = PBXBuildFile; fileRef = 80A4558329936CCE00DFD458 /* FavoriteViewController.swift */; };
		80A45589299372E600DFD458 /* DomainPokemonEntity.swift in Sources */ = {isa = PBXBuildFile; fileRef = 80A45588299372E600DFD458 /* DomainPokemonEntity.swift */; };
		80A4558B299372FA00DFD458 /* NameSpaceDomain.swift in Sources */ = {isa = PBXBuildFile; fileRef = 80A4558A299372FA00DFD458 /* NameSpaceDomain.swift */; };
		80A4558E299373A500DFD458 /* PokemonRepository.swift in Sources */ = {isa = PBXBuildFile; fileRef = 80A4558D299373A500DFD458 /* PokemonRepository.swift */; };
		80A45590299373EC00DFD458 /* PokemonRepositoryImpl.swift in Sources */ = {isa = PBXBuildFile; fileRef = 80A4558F299373EC00DFD458 /* PokemonRepositoryImpl.swift */; };
		80A45592299375C600DFD458 /* DomainError.swift in Sources */ = {isa = PBXBuildFile; fileRef = 80A45591299375C600DFD458 /* DomainError.swift */; };
		80A455952993780A00DFD458 /* PokemonTableCell.swift in Sources */ = {isa = PBXBuildFile; fileRef = 80A455942993780A00DFD458 /* PokemonTableCell.swift */; };
		80A4559729937A0E00DFD458 /* PokemonDetailViewController.swift in Sources */ = {isa = PBXBuildFile; fileRef = 80A4559629937A0E00DFD458 /* PokemonDetailViewController.swift */; };
		80B58DEF29934E530010D5AB /* AppDelegate.swift in Sources */ = {isa = PBXBuildFile; fileRef = 80B58DEE29934E530010D5AB /* AppDelegate.swift */; };
		80B58DF129934E530010D5AB /* SceneDelegate.swift in Sources */ = {isa = PBXBuildFile; fileRef = 80B58DF029934E530010D5AB /* SceneDelegate.swift */; };
		80B58DF329934E530010D5AB /* ViewController.swift in Sources */ = {isa = PBXBuildFile; fileRef = 80B58DF229934E530010D5AB /* ViewController.swift */; };
		80B58DF629934E530010D5AB /* Main.storyboard in Resources */ = {isa = PBXBuildFile; fileRef = 80B58DF429934E530010D5AB /* Main.storyboard */; };
		80B58DF829934E550010D5AB /* Assets.xcassets in Resources */ = {isa = PBXBuildFile; fileRef = 80B58DF729934E550010D5AB /* Assets.xcassets */; };
		80B58DFB29934E550010D5AB /* LaunchScreen.storyboard in Resources */ = {isa = PBXBuildFile; fileRef = 80B58DF929934E550010D5AB /* LaunchScreen.storyboard */; };
		80B58E0629934E550010D5AB /* PokedexTests.swift in Sources */ = {isa = PBXBuildFile; fileRef = 80B58E0529934E550010D5AB /* PokedexTests.swift */; };
		80B58E1029934E550010D5AB /* PokedexUITests.swift in Sources */ = {isa = PBXBuildFile; fileRef = 80B58E0F29934E550010D5AB /* PokedexUITests.swift */; };
		80B58E1229934E550010D5AB /* PokedexUITestsLaunchTests.swift in Sources */ = {isa = PBXBuildFile; fileRef = 80B58E1129934E550010D5AB /* PokedexUITestsLaunchTests.swift */; };
		CC0BA1D440A00CD746C9BDB8 /* Pods_Pokedex.framework in Frameworks */ = {isa = PBXBuildFile; fileRef = 5BC2CAE506997F2B950548C1 /* Pods_Pokedex.framework */; };
		E6091287A913891053391E99 /* Pods_Pokedex_PokedexUITests.framework in Frameworks */ = {isa = PBXBuildFile; fileRef = 31550F755339C90E6CA7F934 /* Pods_Pokedex_PokedexUITests.framework */; };
/* End PBXBuildFile section */

/* Begin PBXContainerItemProxy section */
		80B58E0229934E550010D5AB /* PBXContainerItemProxy */ = {
			isa = PBXContainerItemProxy;
			containerPortal = 80B58DE329934E530010D5AB /* Project object */;
			proxyType = 1;
			remoteGlobalIDString = 80B58DEA29934E530010D5AB;
			remoteInfo = Pokedex;
		};
		80B58E0C29934E550010D5AB /* PBXContainerItemProxy */ = {
			isa = PBXContainerItemProxy;
			containerPortal = 80B58DE329934E530010D5AB /* Project object */;
			proxyType = 1;
			remoteGlobalIDString = 80B58DEA29934E530010D5AB;
			remoteInfo = Pokedex;
		};
/* End PBXContainerItemProxy section */

/* Begin PBXFileReference section */
		31550F755339C90E6CA7F934 /* Pods_Pokedex_PokedexUITests.framework */ = {isa = PBXFileReference; explicitFileType = wrapper.framework; includeInIndex = 0; path = Pods_Pokedex_PokedexUITests.framework; sourceTree = BUILT_PRODUCTS_DIR; };
		5BC2CAE506997F2B950548C1 /* Pods_Pokedex.framework */ = {isa = PBXFileReference; explicitFileType = wrapper.framework; includeInIndex = 0; path = Pods_Pokedex.framework; sourceTree = BUILT_PRODUCTS_DIR; };
		6A1D1AA89355DBDBD9432960 /* Pods-Pokedex.release.xcconfig */ = {isa = PBXFileReference; includeInIndex = 1; lastKnownFileType = text.xcconfig; name = "Pods-Pokedex.release.xcconfig"; path = "Target Support Files/Pods-Pokedex/Pods-Pokedex.release.xcconfig"; sourceTree = "<group>"; };
		80A455222993526700DFD458 /* ProvidedViewControllerResolver.swift */ = {isa = PBXFileReference; fileEncoding = 4; lastKnownFileType = sourcecode.swift; path = ProvidedViewControllerResolver.swift; sourceTree = "<group>"; };
		80A455232993526700DFD458 /* InjectorResolver.swift */ = {isa = PBXFileReference; fileEncoding = 4; lastKnownFileType = sourcecode.swift; path = InjectorResolver.swift; sourceTree = "<group>"; };
		80A455242993526700DFD458 /* ViewControllerResolver.swift */ = {isa = PBXFileReference; fileEncoding = 4; lastKnownFileType = sourcecode.swift; path = ViewControllerResolver.swift; sourceTree = "<group>"; };
		80A455252993526700DFD458 /* ProvidedInjectorResolver.swift */ = {isa = PBXFileReference; fileEncoding = 4; lastKnownFileType = sourcecode.swift; path = ProvidedInjectorResolver.swift; sourceTree = "<group>"; };
		80A455272993526700DFD458 /* MainInjectorResolver.swift */ = {isa = PBXFileReference; fileEncoding = 4; lastKnownFileType = sourcecode.swift; path = MainInjectorResolver.swift; sourceTree = "<group>"; };
		80A455282993526700DFD458 /* CoreModule.swift */ = {isa = PBXFileReference; fileEncoding = 4; lastKnownFileType = sourcecode.swift; path = CoreModule.swift; sourceTree = "<group>"; };
		80A4552A2993526700DFD458 /* DataModule.swift */ = {isa = PBXFileReference; fileEncoding = 4; lastKnownFileType = sourcecode.swift; path = DataModule.swift; sourceTree = "<group>"; };
		80A4552C2993526700DFD458 /* RealmDatabaseModule.swift */ = {isa = PBXFileReference; fileEncoding = 4; lastKnownFileType = sourcecode.swift; path = RealmDatabaseModule.swift; sourceTree = "<group>"; };
		80A4552E2993526700DFD458 /* MyAPIModule.swift */ = {isa = PBXFileReference; fileEncoding = 4; lastKnownFileType = sourcecode.swift; path = MyAPIModule.swift; sourceTree = "<group>"; };
		80A4552F2993526700DFD458 /* NetworkingModule.swift */ = {isa = PBXFileReference; fileEncoding = 4; lastKnownFileType = sourcecode.swift; path = NetworkingModule.swift; sourceTree = "<group>"; };
		80A455312993526700DFD458 /* DomainModule.swift */ = {isa = PBXFileReference; fileEncoding = 4; lastKnownFileType = sourcecode.swift; path = DomainModule.swift; sourceTree = "<group>"; };
		80A455332993526700DFD458 /* UIKitControllerModule.swift */ = {isa = PBXFileReference; fileEncoding = 4; lastKnownFileType = sourcecode.swift; path = UIKitControllerModule.swift; sourceTree = "<group>"; };
		80A455342993526700DFD458 /* ViewModelModule.swift */ = {isa = PBXFileReference; fileEncoding = 4; lastKnownFileType = sourcecode.swift; path = ViewModelModule.swift; sourceTree = "<group>"; };
		80A455352993526700DFD458 /* MainPageModule.swift */ = {isa = PBXFileReference; fileEncoding = 4; lastKnownFileType = sourcecode.swift; path = MainPageModule.swift; sourceTree = "<group>"; };
		80A455362993526700DFD458 /* UIKitModule.swift */ = {isa = PBXFileReference; fileEncoding = 4; lastKnownFileType = sourcecode.swift; path = UIKitModule.swift; sourceTree = "<group>"; };
		80A455372993526700DFD458 /* PresentationModule.swift */ = {isa = PBXFileReference; fileEncoding = 4; lastKnownFileType = sourcecode.swift; path = PresentationModule.swift; sourceTree = "<group>"; };
		80A455382993526700DFD458 /* MainViewControllerResolver.swift */ = {isa = PBXFileReference; fileEncoding = 4; lastKnownFileType = sourcecode.swift; path = MainViewControllerResolver.swift; sourceTree = "<group>"; };
		80A4553A2993526700DFD458 /* SingletonScope.swift */ = {isa = PBXFileReference; fileEncoding = 4; lastKnownFileType = sourcecode.swift; path = SingletonScope.swift; sourceTree = "<group>"; };
		80A4553C2993526700DFD458 /* Constans.swift */ = {isa = PBXFileReference; fileEncoding = 4; lastKnownFileType = sourcecode.swift; path = Constans.swift; sourceTree = "<group>"; };
		80A4553D2993526700DFD458 /* UIViewControllerExtensions.swift */ = {isa = PBXFileReference; fileEncoding = 4; lastKnownFileType = sourcecode.swift; path = UIViewControllerExtensions.swift; sourceTree = "<group>"; };
		80A4553F2993526700DFD458 /* RealmHelper.swift */ = {isa = PBXFileReference; fileEncoding = 4; lastKnownFileType = sourcecode.swift; path = RealmHelper.swift; sourceTree = "<group>"; };
		80A45555299352DD00DFD458 /* AppComponent.swift */ = {isa = PBXFileReference; lastKnownFileType = sourcecode.swift; path = AppComponent.swift; sourceTree = "<group>"; };
		80A455592993532400DFD458 /* JsonRequest.swift */ = {isa = PBXFileReference; fileEncoding = 4; lastKnownFileType = sourcecode.swift; path = JsonRequest.swift; sourceTree = "<group>"; };
		80A4555C2993532400DFD458 /* MyAFRequest+JsonRequest.swift */ = {isa = PBXFileReference; fileEncoding = 4; lastKnownFileType = sourcecode.swift; path = "MyAFRequest+JsonRequest.swift"; sourceTree = "<group>"; };
		80A4555D2993532400DFD458 /* MyAFRequest.swift */ = {isa = PBXFileReference; fileEncoding = 4; lastKnownFileType = sourcecode.swift; path = MyAFRequest.swift; sourceTree = "<group>"; };
		80A455642993538300DFD458 /* NameSpaceData.swift */ = {isa = PBXFileReference; lastKnownFileType = sourcecode.swift; path = NameSpaceData.swift; sourceTree = "<group>"; };
		80A455662993539000DFD458 /* MyJsonAPI.swift */ = {isa = PBXFileReference; lastKnownFileType = sourcecode.swift; path = MyJsonAPI.swift; sourceTree = "<group>"; };
		80A45569299355EB00DFD458 /* RemotePokeListEntity.swift */ = {isa = PBXFileReference; lastKnownFileType = sourcecode.swift; path = RemotePokeListEntity.swift; sourceTree = "<group>"; };
		80A4556C299356CF00DFD458 /* GetPokemonListDataSource.swift */ = {isa = PBXFileReference; lastKnownFileType = sourcecode.swift; path = GetPokemonListDataSource.swift; sourceTree = "<group>"; };
		80A4556E2993575900DFD458 /* MyJsonAPI+GetPokemonList.swift */ = {isa = PBXFileReference; lastKnownFileType = sourcecode.swift; path = "MyJsonAPI+GetPokemonList.swift"; sourceTree = "<group>"; };
		80A4557029935BC900DFD458 /* RemotePokemonDetail.swift */ = {isa = PBXFileReference; lastKnownFileType = sourcecode.swift; path = RemotePokemonDetail.swift; sourceTree = "<group>"; };
		80A4557229935D3100DFD458 /* GetPokemonDetailDataSource.swift */ = {isa = PBXFileReference; lastKnownFileType = sourcecode.swift; path = GetPokemonDetailDataSource.swift; sourceTree = "<group>"; };
		80A4557429935D9A00DFD458 /* MyJsonAPI+GetPokemonDetail.swift */ = {isa = PBXFileReference; lastKnownFileType = sourcecode.swift; path = "MyJsonAPI+GetPokemonDetail.swift"; sourceTree = "<group>"; };
		80A455762993687800DFD458 /* DataError.swift */ = {isa = PBXFileReference; lastKnownFileType = sourcecode.swift; path = DataError.swift; sourceTree = "<group>"; };
		80A4557B2993696C00DFD458 /* MainTabViewController.swift */ = {isa = PBXFileReference; lastKnownFileType = sourcecode.swift; path = MainTabViewController.swift; sourceTree = "<group>"; };
		80A4557D2993699300DFD458 /* NameSpacePresentation.swift */ = {isa = PBXFileReference; lastKnownFileType = sourcecode.swift; path = NameSpacePresentation.swift; sourceTree = "<group>"; };
		80A4557F299369AA00DFD458 /* NameSpaceUiKit.swift */ = {isa = PBXFileReference; lastKnownFileType = sourcecode.swift; path = NameSpaceUiKit.swift; sourceTree = "<group>"; };
		80A45581299369CC00DFD458 /* HomeViewController.swift */ = {isa = PBXFileReference; lastKnownFileType = sourcecode.swift; path = HomeViewController.swift; sourceTree = "<group>"; };
		80A4558329936CCE00DFD458 /* FavoriteViewController.swift */ = {isa = PBXFileReference; lastKnownFileType = sourcecode.swift; path = FavoriteViewController.swift; sourceTree = "<group>"; };
		80A45588299372E600DFD458 /* DomainPokemonEntity.swift */ = {isa = PBXFileReference; lastKnownFileType = sourcecode.swift; path = DomainPokemonEntity.swift; sourceTree = "<group>"; };
		80A4558A299372FA00DFD458 /* NameSpaceDomain.swift */ = {isa = PBXFileReference; lastKnownFileType = sourcecode.swift; path = NameSpaceDomain.swift; sourceTree = "<group>"; };
		80A4558D299373A500DFD458 /* PokemonRepository.swift */ = {isa = PBXFileReference; lastKnownFileType = sourcecode.swift; path = PokemonRepository.swift; sourceTree = "<group>"; };
		80A4558F299373EC00DFD458 /* PokemonRepositoryImpl.swift */ = {isa = PBXFileReference; lastKnownFileType = sourcecode.swift; path = PokemonRepositoryImpl.swift; sourceTree = "<group>"; };
		80A45591299375C600DFD458 /* DomainError.swift */ = {isa = PBXFileReference; lastKnownFileType = sourcecode.swift; path = DomainError.swift; sourceTree = "<group>"; };
		80A455942993780A00DFD458 /* PokemonTableCell.swift */ = {isa = PBXFileReference; lastKnownFileType = sourcecode.swift; path = PokemonTableCell.swift; sourceTree = "<group>"; };
		80A4559629937A0E00DFD458 /* PokemonDetailViewController.swift */ = {isa = PBXFileReference; lastKnownFileType = sourcecode.swift; path = PokemonDetailViewController.swift; sourceTree = "<group>"; };
		80B58DEB29934E530010D5AB /* Pokedex.app */ = {isa = PBXFileReference; explicitFileType = wrapper.application; includeInIndex = 0; path = Pokedex.app; sourceTree = BUILT_PRODUCTS_DIR; };
		80B58DEE29934E530010D5AB /* AppDelegate.swift */ = {isa = PBXFileReference; lastKnownFileType = sourcecode.swift; path = AppDelegate.swift; sourceTree = "<group>"; };
		80B58DF029934E530010D5AB /* SceneDelegate.swift */ = {isa = PBXFileReference; lastKnownFileType = sourcecode.swift; path = SceneDelegate.swift; sourceTree = "<group>"; };
		80B58DF229934E530010D5AB /* ViewController.swift */ = {isa = PBXFileReference; lastKnownFileType = sourcecode.swift; path = ViewController.swift; sourceTree = "<group>"; };
		80B58DF529934E530010D5AB /* Base */ = {isa = PBXFileReference; lastKnownFileType = file.storyboard; name = Base; path = Base.lproj/Main.storyboard; sourceTree = "<group>"; };
		80B58DF729934E550010D5AB /* Assets.xcassets */ = {isa = PBXFileReference; lastKnownFileType = folder.assetcatalog; path = Assets.xcassets; sourceTree = "<group>"; };
		80B58DFA29934E550010D5AB /* Base */ = {isa = PBXFileReference; lastKnownFileType = file.storyboard; name = Base; path = Base.lproj/LaunchScreen.storyboard; sourceTree = "<group>"; };
		80B58DFC29934E550010D5AB /* Info.plist */ = {isa = PBXFileReference; lastKnownFileType = text.plist.xml; path = Info.plist; sourceTree = "<group>"; };
		80B58E0129934E550010D5AB /* PokedexTests.xctest */ = {isa = PBXFileReference; explicitFileType = wrapper.cfbundle; includeInIndex = 0; path = PokedexTests.xctest; sourceTree = BUILT_PRODUCTS_DIR; };
		80B58E0529934E550010D5AB /* PokedexTests.swift */ = {isa = PBXFileReference; lastKnownFileType = sourcecode.swift; path = PokedexTests.swift; sourceTree = "<group>"; };
		80B58E0B29934E550010D5AB /* PokedexUITests.xctest */ = {isa = PBXFileReference; explicitFileType = wrapper.cfbundle; includeInIndex = 0; path = PokedexUITests.xctest; sourceTree = BUILT_PRODUCTS_DIR; };
		80B58E0F29934E550010D5AB /* PokedexUITests.swift */ = {isa = PBXFileReference; lastKnownFileType = sourcecode.swift; path = PokedexUITests.swift; sourceTree = "<group>"; };
		80B58E1129934E550010D5AB /* PokedexUITestsLaunchTests.swift */ = {isa = PBXFileReference; lastKnownFileType = sourcecode.swift; path = PokedexUITestsLaunchTests.swift; sourceTree = "<group>"; };
		84D0CCED4CFA11031658C3E2 /* Pods-PokedexTests.debug.xcconfig */ = {isa = PBXFileReference; includeInIndex = 1; lastKnownFileType = text.xcconfig; name = "Pods-PokedexTests.debug.xcconfig"; path = "Target Support Files/Pods-PokedexTests/Pods-PokedexTests.debug.xcconfig"; sourceTree = "<group>"; };
		A8C0B98D22B82A1579924A39 /* Pods-Pokedex-PokedexUITests.release.xcconfig */ = {isa = PBXFileReference; includeInIndex = 1; lastKnownFileType = text.xcconfig; name = "Pods-Pokedex-PokedexUITests.release.xcconfig"; path = "Target Support Files/Pods-Pokedex-PokedexUITests/Pods-Pokedex-PokedexUITests.release.xcconfig"; sourceTree = "<group>"; };
		D09FCC298511160D0C603DF0 /* Pods-Pokedex.debug.xcconfig */ = {isa = PBXFileReference; includeInIndex = 1; lastKnownFileType = text.xcconfig; name = "Pods-Pokedex.debug.xcconfig"; path = "Target Support Files/Pods-Pokedex/Pods-Pokedex.debug.xcconfig"; sourceTree = "<group>"; };
		D229C9FB7237751CFD9FBDB5 /* Pods-PokedexTests.release.xcconfig */ = {isa = PBXFileReference; includeInIndex = 1; lastKnownFileType = text.xcconfig; name = "Pods-PokedexTests.release.xcconfig"; path = "Target Support Files/Pods-PokedexTests/Pods-PokedexTests.release.xcconfig"; sourceTree = "<group>"; };
		D97559C8A7CFDACBD12EDF8A /* Pods-Pokedex-PokedexUITests.debug.xcconfig */ = {isa = PBXFileReference; includeInIndex = 1; lastKnownFileType = text.xcconfig; name = "Pods-Pokedex-PokedexUITests.debug.xcconfig"; path = "Target Support Files/Pods-Pokedex-PokedexUITests/Pods-Pokedex-PokedexUITests.debug.xcconfig"; sourceTree = "<group>"; };
		FE2866A7BC2C66D2F1968D79 /* Pods_PokedexTests.framework */ = {isa = PBXFileReference; explicitFileType = wrapper.framework; includeInIndex = 0; path = Pods_PokedexTests.framework; sourceTree = BUILT_PRODUCTS_DIR; };
/* End PBXFileReference section */

/* Begin PBXFrameworksBuildPhase section */
		80B58DE829934E530010D5AB /* Frameworks */ = {
			isa = PBXFrameworksBuildPhase;
			buildActionMask = 2147483647;
			files = (
				CC0BA1D440A00CD746C9BDB8 /* Pods_Pokedex.framework in Frameworks */,
			);
			runOnlyForDeploymentPostprocessing = 0;
		};
		80B58DFE29934E550010D5AB /* Frameworks */ = {
			isa = PBXFrameworksBuildPhase;
			buildActionMask = 2147483647;
			files = (
				7EB907A8ECDAE8398A743563 /* Pods_PokedexTests.framework in Frameworks */,
			);
			runOnlyForDeploymentPostprocessing = 0;
		};
		80B58E0829934E550010D5AB /* Frameworks */ = {
			isa = PBXFrameworksBuildPhase;
			buildActionMask = 2147483647;
			files = (
				E6091287A913891053391E99 /* Pods_Pokedex_PokedexUITests.framework in Frameworks */,
			);
			runOnlyForDeploymentPostprocessing = 0;
		};
/* End PBXFrameworksBuildPhase section */

/* Begin PBXGroup section */
		53C60628A95C6A65569BA2AE /* Frameworks */ = {
			isa = PBXGroup;
			children = (
				5BC2CAE506997F2B950548C1 /* Pods_Pokedex.framework */,
				31550F755339C90E6CA7F934 /* Pods_Pokedex_PokedexUITests.framework */,
				FE2866A7BC2C66D2F1968D79 /* Pods_PokedexTests.framework */,
			);
			name = Frameworks;
			sourceTree = "<group>";
		};
		80A455202993526700DFD458 /* DI */ = {
			isa = PBXGroup;
			children = (
				80A455212993526700DFD458 /* Interface */,
				80A455262993526700DFD458 /* Module */,
				80A455392993526700DFD458 /* Scope */,
			);
			path = DI;
			sourceTree = "<group>";
		};
		80A455212993526700DFD458 /* Interface */ = {
			isa = PBXGroup;
			children = (
				80A455222993526700DFD458 /* ProvidedViewControllerResolver.swift */,
				80A455232993526700DFD458 /* InjectorResolver.swift */,
				80A455242993526700DFD458 /* ViewControllerResolver.swift */,
				80A455252993526700DFD458 /* ProvidedInjectorResolver.swift */,
			);
			path = Interface;
			sourceTree = "<group>";
		};
		80A455262993526700DFD458 /* Module */ = {
			isa = PBXGroup;
			children = (
				80A455272993526700DFD458 /* MainInjectorResolver.swift */,
				80A455282993526700DFD458 /* CoreModule.swift */,
				80A455292993526700DFD458 /* Data */,
				80A455302993526700DFD458 /* Domain */,
				80A455322993526700DFD458 /* Presentation */,
				80A455382993526700DFD458 /* MainViewControllerResolver.swift */,
			);
			path = Module;
			sourceTree = "<group>";
		};
		80A455292993526700DFD458 /* Data */ = {
			isa = PBXGroup;
			children = (
				80A4552A2993526700DFD458 /* DataModule.swift */,
				80A4552B2993526700DFD458 /* Local */,
				80A4552D2993526700DFD458 /* Remote */,
			);
			path = Data;
			sourceTree = "<group>";
		};
		80A4552B2993526700DFD458 /* Local */ = {
			isa = PBXGroup;
			children = (
				80A4552C2993526700DFD458 /* RealmDatabaseModule.swift */,
			);
			path = Local;
			sourceTree = "<group>";
		};
		80A4552D2993526700DFD458 /* Remote */ = {
			isa = PBXGroup;
			children = (
				80A4552E2993526700DFD458 /* MyAPIModule.swift */,
				80A4552F2993526700DFD458 /* NetworkingModule.swift */,
			);
			path = Remote;
			sourceTree = "<group>";
		};
		80A455302993526700DFD458 /* Domain */ = {
			isa = PBXGroup;
			children = (
				80A455312993526700DFD458 /* DomainModule.swift */,
			);
			path = Domain;
			sourceTree = "<group>";
		};
		80A455322993526700DFD458 /* Presentation */ = {
			isa = PBXGroup;
			children = (
				80A455332993526700DFD458 /* UIKitControllerModule.swift */,
				80A455342993526700DFD458 /* ViewModelModule.swift */,
				80A455352993526700DFD458 /* MainPageModule.swift */,
				80A455362993526700DFD458 /* UIKitModule.swift */,
				80A455372993526700DFD458 /* PresentationModule.swift */,
			);
			path = Presentation;
			sourceTree = "<group>";
		};
		80A455392993526700DFD458 /* Scope */ = {
			isa = PBXGroup;
			children = (
				80A4553A2993526700DFD458 /* SingletonScope.swift */,
			);
			path = Scope;
			sourceTree = "<group>";
		};
		80A4553B2993526700DFD458 /* Misc */ = {
			isa = PBXGroup;
			children = (
				80A4553C2993526700DFD458 /* Constans.swift */,
				80A4553D2993526700DFD458 /* UIViewControllerExtensions.swift */,
				80A4553E2993526700DFD458 /* Helper */,
			);
			name = Misc;
			path = ../../perqara/perqara/Misc;
			sourceTree = "<group>";
		};
		80A4553E2993526700DFD458 /* Helper */ = {
			isa = PBXGroup;
			children = (
				80A4553F2993526700DFD458 /* RealmHelper.swift */,
			);
			path = Helper;
			sourceTree = "<group>";
		};
		80A455572993532400DFD458 /* Infrastructure */ = {
			isa = PBXGroup;
			children = (
				80A455582993532400DFD458 /* Interface */,
				80A4555A2993532400DFD458 /* Networking */,
			);
			path = Infrastructure;
			sourceTree = "<group>";
		};
		80A455582993532400DFD458 /* Interface */ = {
			isa = PBXGroup;
			children = (
				80A455592993532400DFD458 /* JsonRequest.swift */,
			);
			path = Interface;
			sourceTree = "<group>";
		};
		80A4555A2993532400DFD458 /* Networking */ = {
			isa = PBXGroup;
			children = (
				80A4555B2993532400DFD458 /* Alamofire */,
			);
			path = Networking;
			sourceTree = "<group>";
		};
		80A4555B2993532400DFD458 /* Alamofire */ = {
			isa = PBXGroup;
			children = (
				80A4555C2993532400DFD458 /* MyAFRequest+JsonRequest.swift */,
				80A4555D2993532400DFD458 /* MyAFRequest.swift */,
			);
			path = Alamofire;
			sourceTree = "<group>";
		};
		80A455612993534F00DFD458 /* DataLayer */ = {
			isa = PBXGroup;
			children = (
				80A455622993535C00DFD458 /* Remote */,
				80A455642993538300DFD458 /* NameSpaceData.swift */,
			);
			path = DataLayer;
			sourceTree = "<group>";
		};
		80A455622993535C00DFD458 /* Remote */ = {
			isa = PBXGroup;
			children = (
				80A4556B299356B600DFD458 /* Interface */,
				80A45568299355D400DFD458 /* Entity */,
				80A455632993536900DFD458 /* API */,
			);
			path = Remote;
			sourceTree = "<group>";
		};
		80A455632993536900DFD458 /* API */ = {
			isa = PBXGroup;
			children = (
				80A455662993539000DFD458 /* MyJsonAPI.swift */,
				80A4556E2993575900DFD458 /* MyJsonAPI+GetPokemonList.swift */,
				80A4557429935D9A00DFD458 /* MyJsonAPI+GetPokemonDetail.swift */,
			);
			path = API;
			sourceTree = "<group>";
		};
		80A45568299355D400DFD458 /* Entity */ = {
			isa = PBXGroup;
			children = (
				80A45569299355EB00DFD458 /* RemotePokeListEntity.swift */,
				80A4557029935BC900DFD458 /* RemotePokemonDetail.swift */,
				80A455762993687800DFD458 /* DataError.swift */,
			);
			path = Entity;
			sourceTree = "<group>";
		};
		80A4556B299356B600DFD458 /* Interface */ = {
			isa = PBXGroup;
			children = (
				80A4556C299356CF00DFD458 /* GetPokemonListDataSource.swift */,
				80A4557229935D3100DFD458 /* GetPokemonDetailDataSource.swift */,
			);
			path = Interface;
			sourceTree = "<group>";
		};
		80A455782993694800DFD458 /* PresentationLayer */ = {
			isa = PBXGroup;
			children = (
				80A455792993695700DFD458 /* UIKit */,
				80A4557D2993699300DFD458 /* NameSpacePresentation.swift */,
			);
			path = PresentationLayer;
			sourceTree = "<group>";
		};
		80A455792993695700DFD458 /* UIKit */ = {
			isa = PBXGroup;
			children = (
				80A45593299377F500DFD458 /* Component */,
				80A4557A2993695E00DFD458 /* Controller */,
				80A4557F299369AA00DFD458 /* NameSpaceUiKit.swift */,
			);
			path = UIKit;
			sourceTree = "<group>";
		};
		80A4557A2993695E00DFD458 /* Controller */ = {
			isa = PBXGroup;
			children = (
				80A4557B2993696C00DFD458 /* MainTabViewController.swift */,
				80A45581299369CC00DFD458 /* HomeViewController.swift */,
				80A4558329936CCE00DFD458 /* FavoriteViewController.swift */,
				80A4559629937A0E00DFD458 /* PokemonDetailViewController.swift */,
			);
			path = Controller;
			sourceTree = "<group>";
		};
		80A45586299372BA00DFD458 /* DomainLayer */ = {
			isa = PBXGroup;
			children = (
				80A4558C2993739700DFD458 /* Repository */,
				80A45587299372C700DFD458 /* Entity */,
				80A4558A299372FA00DFD458 /* NameSpaceDomain.swift */,
			);
			path = DomainLayer;
			sourceTree = "<group>";
		};
		80A45587299372C700DFD458 /* Entity */ = {
			isa = PBXGroup;
			children = (
				80A45588299372E600DFD458 /* DomainPokemonEntity.swift */,
				80A45591299375C600DFD458 /* DomainError.swift */,
			);
			path = Entity;
			sourceTree = "<group>";
		};
		80A4558C2993739700DFD458 /* Repository */ = {
			isa = PBXGroup;
			children = (
				80A4558D299373A500DFD458 /* PokemonRepository.swift */,
				80A4558F299373EC00DFD458 /* PokemonRepositoryImpl.swift */,
			);
			path = Repository;
			sourceTree = "<group>";
		};
		80A45593299377F500DFD458 /* Component */ = {
			isa = PBXGroup;
			children = (
				80A455942993780A00DFD458 /* PokemonTableCell.swift */,
			);
			path = Component;
			sourceTree = "<group>";
		};
		80B58DE229934E530010D5AB = {
			isa = PBXGroup;
			children = (
				80B58DED29934E530010D5AB /* Pokedex */,
				80B58E0429934E550010D5AB /* PokedexTests */,
				80B58E0E29934E550010D5AB /* PokedexUITests */,
				80B58DEC29934E530010D5AB /* Products */,
				A52144B76AA2CF5C95BC7AFB /* Pods */,
				53C60628A95C6A65569BA2AE /* Frameworks */,
			);
			sourceTree = "<group>";
		};
		80B58DEC29934E530010D5AB /* Products */ = {
			isa = PBXGroup;
			children = (
				80B58DEB29934E530010D5AB /* Pokedex.app */,
				80B58E0129934E550010D5AB /* PokedexTests.xctest */,
				80B58E0B29934E550010D5AB /* PokedexUITests.xctest */,
			);
			name = Products;
			sourceTree = "<group>";
		};
		80B58DED29934E530010D5AB /* Pokedex */ = {
			isa = PBXGroup;
			children = (
				80A45586299372BA00DFD458 /* DomainLayer */,
				80A455782993694800DFD458 /* PresentationLayer */,
				80A455612993534F00DFD458 /* DataLayer */,
				80A455572993532400DFD458 /* Infrastructure */,
				80A455202993526700DFD458 /* DI */,
				80A4553B2993526700DFD458 /* Misc */,
				80B58DEE29934E530010D5AB /* AppDelegate.swift */,
				80B58DF029934E530010D5AB /* SceneDelegate.swift */,
				80B58DF229934E530010D5AB /* ViewController.swift */,
				80B58DF429934E530010D5AB /* Main.storyboard */,
				80B58DF729934E550010D5AB /* Assets.xcassets */,
				80B58DF929934E550010D5AB /* LaunchScreen.storyboard */,
				80B58DFC29934E550010D5AB /* Info.plist */,
				80A45555299352DD00DFD458 /* AppComponent.swift */,
			);
			path = Pokedex;
			sourceTree = "<group>";
		};
		80B58E0429934E550010D5AB /* PokedexTests */ = {
			isa = PBXGroup;
			children = (
				80B58E0529934E550010D5AB /* PokedexTests.swift */,
			);
			path = PokedexTests;
			sourceTree = "<group>";
		};
		80B58E0E29934E550010D5AB /* PokedexUITests */ = {
			isa = PBXGroup;
			children = (
				80B58E0F29934E550010D5AB /* PokedexUITests.swift */,
				80B58E1129934E550010D5AB /* PokedexUITestsLaunchTests.swift */,
			);
			path = PokedexUITests;
			sourceTree = "<group>";
		};
		A52144B76AA2CF5C95BC7AFB /* Pods */ = {
			isa = PBXGroup;
			children = (
				D09FCC298511160D0C603DF0 /* Pods-Pokedex.debug.xcconfig */,
				6A1D1AA89355DBDBD9432960 /* Pods-Pokedex.release.xcconfig */,
				D97559C8A7CFDACBD12EDF8A /* Pods-Pokedex-PokedexUITests.debug.xcconfig */,
				A8C0B98D22B82A1579924A39 /* Pods-Pokedex-PokedexUITests.release.xcconfig */,
				84D0CCED4CFA11031658C3E2 /* Pods-PokedexTests.debug.xcconfig */,
				D229C9FB7237751CFD9FBDB5 /* Pods-PokedexTests.release.xcconfig */,
			);
			path = Pods;
			sourceTree = "<group>";
		};
/* End PBXGroup section */

/* Begin PBXNativeTarget section */
		80B58DEA29934E530010D5AB /* Pokedex */ = {
			isa = PBXNativeTarget;
			buildConfigurationList = 80B58E1529934E550010D5AB /* Build configuration list for PBXNativeTarget "Pokedex" */;
			buildPhases = (
				9D4983A179F3B12AD721912C /* [CP] Check Pods Manifest.lock */,
				80B58DE729934E530010D5AB /* Sources */,
				80B58DE829934E530010D5AB /* Frameworks */,
				80B58DE929934E530010D5AB /* Resources */,
				BC79CB29A9D2427EE222BFF5 /* [CP] Embed Pods Frameworks */,
			);
			buildRules = (
			);
			dependencies = (
			);
			name = Pokedex;
			productName = Pokedex;
			productReference = 80B58DEB29934E530010D5AB /* Pokedex.app */;
			productType = "com.apple.product-type.application";
		};
		80B58E0029934E550010D5AB /* PokedexTests */ = {
			isa = PBXNativeTarget;
			buildConfigurationList = 80B58E1829934E550010D5AB /* Build configuration list for PBXNativeTarget "PokedexTests" */;
			buildPhases = (
				731B3F524F06A790211B84B4 /* [CP] Check Pods Manifest.lock */,
				80B58DFD29934E550010D5AB /* Sources */,
				80B58DFE29934E550010D5AB /* Frameworks */,
				80B58DFF29934E550010D5AB /* Resources */,
			);
			buildRules = (
			);
			dependencies = (
				80B58E0329934E550010D5AB /* PBXTargetDependency */,
			);
			name = PokedexTests;
			productName = PokedexTests;
			productReference = 80B58E0129934E550010D5AB /* PokedexTests.xctest */;
			productType = "com.apple.product-type.bundle.unit-test";
		};
		80B58E0A29934E550010D5AB /* PokedexUITests */ = {
			isa = PBXNativeTarget;
			buildConfigurationList = 80B58E1B29934E550010D5AB /* Build configuration list for PBXNativeTarget "PokedexUITests" */;
			buildPhases = (
				E8DAAF9355B5A8584DFA1A25 /* [CP] Check Pods Manifest.lock */,
				80B58E0729934E550010D5AB /* Sources */,
				80B58E0829934E550010D5AB /* Frameworks */,
				80B58E0929934E550010D5AB /* Resources */,
				64C84C206D5085395FF1477C /* [CP] Embed Pods Frameworks */,
			);
			buildRules = (
			);
			dependencies = (
				80B58E0D29934E550010D5AB /* PBXTargetDependency */,
			);
			name = PokedexUITests;
			productName = PokedexUITests;
			productReference = 80B58E0B29934E550010D5AB /* PokedexUITests.xctest */;
			productType = "com.apple.product-type.bundle.ui-testing";
		};
/* End PBXNativeTarget section */

/* Begin PBXProject section */
		80B58DE329934E530010D5AB /* Project object */ = {
			isa = PBXProject;
			attributes = {
				BuildIndependentTargetsInParallel = 1;
				LastSwiftUpdateCheck = 1420;
				LastUpgradeCheck = 1420;
				TargetAttributes = {
					80B58DEA29934E530010D5AB = {
						CreatedOnToolsVersion = 14.2;
					};
					80B58E0029934E550010D5AB = {
						CreatedOnToolsVersion = 14.2;
						TestTargetID = 80B58DEA29934E530010D5AB;
					};
					80B58E0A29934E550010D5AB = {
						CreatedOnToolsVersion = 14.2;
						TestTargetID = 80B58DEA29934E530010D5AB;
					};
				};
			};
			buildConfigurationList = 80B58DE629934E530010D5AB /* Build configuration list for PBXProject "Pokedex" */;
			compatibilityVersion = "Xcode 14.0";
			developmentRegion = en;
			hasScannedForEncodings = 0;
			knownRegions = (
				en,
				Base,
			);
			mainGroup = 80B58DE229934E530010D5AB;
			productRefGroup = 80B58DEC29934E530010D5AB /* Products */;
			projectDirPath = "";
			projectRoot = "";
			targets = (
				80B58DEA29934E530010D5AB /* Pokedex */,
				80B58E0029934E550010D5AB /* PokedexTests */,
				80B58E0A29934E550010D5AB /* PokedexUITests */,
			);
		};
/* End PBXProject section */

/* Begin PBXResourcesBuildPhase section */
		80B58DE929934E530010D5AB /* Resources */ = {
			isa = PBXResourcesBuildPhase;
			buildActionMask = 2147483647;
			files = (
				80B58DFB29934E550010D5AB /* LaunchScreen.storyboard in Resources */,
				80B58DF829934E550010D5AB /* Assets.xcassets in Resources */,
				80B58DF629934E530010D5AB /* Main.storyboard in Resources */,
			);
			runOnlyForDeploymentPostprocessing = 0;
		};
		80B58DFF29934E550010D5AB /* Resources */ = {
			isa = PBXResourcesBuildPhase;
			buildActionMask = 2147483647;
			files = (
			);
			runOnlyForDeploymentPostprocessing = 0;
		};
		80B58E0929934E550010D5AB /* Resources */ = {
			isa = PBXResourcesBuildPhase;
			buildActionMask = 2147483647;
			files = (
			);
			runOnlyForDeploymentPostprocessing = 0;
		};
/* End PBXResourcesBuildPhase section */

/* Begin PBXShellScriptBuildPhase section */
		64C84C206D5085395FF1477C /* [CP] Embed Pods Frameworks */ = {
			isa = PBXShellScriptBuildPhase;
			buildActionMask = 2147483647;
			files = (
			);
			inputFileListPaths = (
				"${PODS_ROOT}/Target Support Files/Pods-Pokedex-PokedexUITests/Pods-Pokedex-PokedexUITests-frameworks-${CONFIGURATION}-input-files.xcfilelist",
			);
			name = "[CP] Embed Pods Frameworks";
			outputFileListPaths = (
				"${PODS_ROOT}/Target Support Files/Pods-Pokedex-PokedexUITests/Pods-Pokedex-PokedexUITests-frameworks-${CONFIGURATION}-output-files.xcfilelist",
			);
			runOnlyForDeploymentPostprocessing = 0;
			shellPath = /bin/sh;
			shellScript = "\"${PODS_ROOT}/Target Support Files/Pods-Pokedex-PokedexUITests/Pods-Pokedex-PokedexUITests-frameworks.sh\"\n";
			showEnvVarsInLog = 0;
		};
		731B3F524F06A790211B84B4 /* [CP] Check Pods Manifest.lock */ = {
			isa = PBXShellScriptBuildPhase;
			buildActionMask = 2147483647;
			files = (
			);
			inputFileListPaths = (
			);
			inputPaths = (
				"${PODS_PODFILE_DIR_PATH}/Podfile.lock",
				"${PODS_ROOT}/Manifest.lock",
			);
			name = "[CP] Check Pods Manifest.lock";
			outputFileListPaths = (
			);
			outputPaths = (
				"$(DERIVED_FILE_DIR)/Pods-PokedexTests-checkManifestLockResult.txt",
			);
			runOnlyForDeploymentPostprocessing = 0;
			shellPath = /bin/sh;
			shellScript = "diff \"${PODS_PODFILE_DIR_PATH}/Podfile.lock\" \"${PODS_ROOT}/Manifest.lock\" > /dev/null\nif [ $? != 0 ] ; then\n    # print error to STDERR\n    echo \"error: The sandbox is not in sync with the Podfile.lock. Run 'pod install' or update your CocoaPods installation.\" >&2\n    exit 1\nfi\n# This output is used by Xcode 'outputs' to avoid re-running this script phase.\necho \"SUCCESS\" > \"${SCRIPT_OUTPUT_FILE_0}\"\n";
			showEnvVarsInLog = 0;
		};
		9D4983A179F3B12AD721912C /* [CP] Check Pods Manifest.lock */ = {
			isa = PBXShellScriptBuildPhase;
			buildActionMask = 2147483647;
			files = (
			);
			inputFileListPaths = (
			);
			inputPaths = (
				"${PODS_PODFILE_DIR_PATH}/Podfile.lock",
				"${PODS_ROOT}/Manifest.lock",
			);
			name = "[CP] Check Pods Manifest.lock";
			outputFileListPaths = (
			);
			outputPaths = (
				"$(DERIVED_FILE_DIR)/Pods-Pokedex-checkManifestLockResult.txt",
			);
			runOnlyForDeploymentPostprocessing = 0;
			shellPath = /bin/sh;
			shellScript = "diff \"${PODS_PODFILE_DIR_PATH}/Podfile.lock\" \"${PODS_ROOT}/Manifest.lock\" > /dev/null\nif [ $? != 0 ] ; then\n    # print error to STDERR\n    echo \"error: The sandbox is not in sync with the Podfile.lock. Run 'pod install' or update your CocoaPods installation.\" >&2\n    exit 1\nfi\n# This output is used by Xcode 'outputs' to avoid re-running this script phase.\necho \"SUCCESS\" > \"${SCRIPT_OUTPUT_FILE_0}\"\n";
			showEnvVarsInLog = 0;
		};
		BC79CB29A9D2427EE222BFF5 /* [CP] Embed Pods Frameworks */ = {
			isa = PBXShellScriptBuildPhase;
			buildActionMask = 2147483647;
			files = (
			);
			inputFileListPaths = (
				"${PODS_ROOT}/Target Support Files/Pods-Pokedex/Pods-Pokedex-frameworks-${CONFIGURATION}-input-files.xcfilelist",
			);
			name = "[CP] Embed Pods Frameworks";
			outputFileListPaths = (
				"${PODS_ROOT}/Target Support Files/Pods-Pokedex/Pods-Pokedex-frameworks-${CONFIGURATION}-output-files.xcfilelist",
			);
			runOnlyForDeploymentPostprocessing = 0;
			shellPath = /bin/sh;
			shellScript = "\"${PODS_ROOT}/Target Support Files/Pods-Pokedex/Pods-Pokedex-frameworks.sh\"\n";
			showEnvVarsInLog = 0;
		};
		E8DAAF9355B5A8584DFA1A25 /* [CP] Check Pods Manifest.lock */ = {
			isa = PBXShellScriptBuildPhase;
			buildActionMask = 2147483647;
			files = (
			);
			inputFileListPaths = (
			);
			inputPaths = (
				"${PODS_PODFILE_DIR_PATH}/Podfile.lock",
				"${PODS_ROOT}/Manifest.lock",
			);
			name = "[CP] Check Pods Manifest.lock";
			outputFileListPaths = (
			);
			outputPaths = (
				"$(DERIVED_FILE_DIR)/Pods-Pokedex-PokedexUITests-checkManifestLockResult.txt",
			);
			runOnlyForDeploymentPostprocessing = 0;
			shellPath = /bin/sh;
			shellScript = "diff \"${PODS_PODFILE_DIR_PATH}/Podfile.lock\" \"${PODS_ROOT}/Manifest.lock\" > /dev/null\nif [ $? != 0 ] ; then\n    # print error to STDERR\n    echo \"error: The sandbox is not in sync with the Podfile.lock. Run 'pod install' or update your CocoaPods installation.\" >&2\n    exit 1\nfi\n# This output is used by Xcode 'outputs' to avoid re-running this script phase.\necho \"SUCCESS\" > \"${SCRIPT_OUTPUT_FILE_0}\"\n";
			showEnvVarsInLog = 0;
		};
/* End PBXShellScriptBuildPhase section */

/* Begin PBXSourcesBuildPhase section */
		80B58DE729934E530010D5AB /* Sources */ = {
			isa = PBXSourcesBuildPhase;
			buildActionMask = 2147483647;
			files = (
				80A455472993526700DFD458 /* RealmDatabaseModule.swift in Sources */,
				80A4554F2993526700DFD458 /* PresentationModule.swift in Sources */,
				80A4559729937A0E00DFD458 /* PokemonDetailViewController.swift in Sources */,
				80A455482993526700DFD458 /* MyAPIModule.swift in Sources */,
				80B58DF329934E530010D5AB /* ViewController.swift in Sources */,
				80A455672993539000DFD458 /* MyJsonAPI.swift in Sources */,
				80A455412993526700DFD458 /* InjectorResolver.swift in Sources */,
				80A45556299352DD00DFD458 /* AppComponent.swift in Sources */,
				80A455402993526700DFD458 /* ProvidedViewControllerResolver.swift in Sources */,
				80A4554C2993526700DFD458 /* ViewModelModule.swift in Sources */,
				80A45592299375C600DFD458 /* DomainError.swift in Sources */,
				80A455422993526700DFD458 /* ViewControllerResolver.swift in Sources */,
				80A4558429936CCE00DFD458 /* FavoriteViewController.swift in Sources */,
				80A4556F2993575900DFD458 /* MyJsonAPI+GetPokemonList.swift in Sources */,
				80A455512993526700DFD458 /* SingletonScope.swift in Sources */,
				80A4554E2993526700DFD458 /* UIKitModule.swift in Sources */,
				80A4554B2993526700DFD458 /* UIKitControllerModule.swift in Sources */,
				80A455542993526700DFD458 /* RealmHelper.swift in Sources */,
				80A4554A2993526700DFD458 /* DomainModule.swift in Sources */,
				80A455952993780A00DFD458 /* PokemonTableCell.swift in Sources */,
				80A4557529935D9A00DFD458 /* MyJsonAPI+GetPokemonDetail.swift in Sources */,
				80A455772993687800DFD458 /* DataError.swift in Sources */,
				80A4557E2993699300DFD458 /* NameSpacePresentation.swift in Sources */,
				80A4557329935D3100DFD458 /* GetPokemonDetailDataSource.swift in Sources */,
				80A4557C2993696C00DFD458 /* MainTabViewController.swift in Sources */,
				80A455452993526700DFD458 /* CoreModule.swift in Sources */,
				80B58DEF29934E530010D5AB /* AppDelegate.swift in Sources */,
				80B58DF129934E530010D5AB /* SceneDelegate.swift in Sources */,
				80A455462993526700DFD458 /* DataModule.swift in Sources */,
				80A4557129935BC900DFD458 /* RemotePokemonDetail.swift in Sources */,
				80A45580299369AA00DFD458 /* NameSpaceUiKit.swift in Sources */,
				80A455532993526700DFD458 /* UIViewControllerExtensions.swift in Sources */,
				80A4556A299355EB00DFD458 /* RemotePokeListEntity.swift in Sources */,
				80A4555E2993532400DFD458 /* JsonRequest.swift in Sources */,
				80A455442993526700DFD458 /* MainInjectorResolver.swift in Sources */,
				80A455432993526700DFD458 /* ProvidedInjectorResolver.swift in Sources */,
				80A455652993538300DFD458 /* NameSpaceData.swift in Sources */,
				80A45589299372E600DFD458 /* DomainPokemonEntity.swift in Sources */,
				80A4556D299356CF00DFD458 /* GetPokemonListDataSource.swift in Sources */,
				80A455602993532400DFD458 /* MyAFRequest.swift in Sources */,
				80A4558B299372FA00DFD458 /* NameSpaceDomain.swift in Sources */,
				80A455522993526700DFD458 /* Constans.swift in Sources */,
				80A45582299369CC00DFD458 /* HomeViewController.swift in Sources */,
				80A455492993526700DFD458 /* NetworkingModule.swift in Sources */,
				80A45590299373EC00DFD458 /* PokemonRepositoryImpl.swift in Sources */,
				80A4558E299373A500DFD458 /* PokemonRepository.swift in Sources */,
				80A4554D2993526700DFD458 /* MainPageModule.swift in Sources */,
				80A4555F2993532400DFD458 /* MyAFRequest+JsonRequest.swift in Sources */,
				80A455502993526700DFD458 /* MainViewControllerResolver.swift in Sources */,
			);
			runOnlyForDeploymentPostprocessing = 0;
		};
		80B58DFD29934E550010D5AB /* Sources */ = {
			isa = PBXSourcesBuildPhase;
			buildActionMask = 2147483647;
			files = (
				80B58E0629934E550010D5AB /* PokedexTests.swift in Sources */,
			);
			runOnlyForDeploymentPostprocessing = 0;
		};
		80B58E0729934E550010D5AB /* Sources */ = {
			isa = PBXSourcesBuildPhase;
			buildActionMask = 2147483647;
			files = (
				80B58E1029934E550010D5AB /* PokedexUITests.swift in Sources */,
				80B58E1229934E550010D5AB /* PokedexUITestsLaunchTests.swift in Sources */,
			);
			runOnlyForDeploymentPostprocessing = 0;
		};
/* End PBXSourcesBuildPhase section */

/* Begin PBXTargetDependency section */
		80B58E0329934E550010D5AB /* PBXTargetDependency */ = {
			isa = PBXTargetDependency;
			target = 80B58DEA29934E530010D5AB /* Pokedex */;
			targetProxy = 80B58E0229934E550010D5AB /* PBXContainerItemProxy */;
		};
		80B58E0D29934E550010D5AB /* PBXTargetDependency */ = {
			isa = PBXTargetDependency;
			target = 80B58DEA29934E530010D5AB /* Pokedex */;
			targetProxy = 80B58E0C29934E550010D5AB /* PBXContainerItemProxy */;
		};
/* End PBXTargetDependency section */

/* Begin PBXVariantGroup section */
		80B58DF429934E530010D5AB /* Main.storyboard */ = {
			isa = PBXVariantGroup;
			children = (
				80B58DF529934E530010D5AB /* Base */,
			);
			name = Main.storyboard;
			sourceTree = "<group>";
		};
		80B58DF929934E550010D5AB /* LaunchScreen.storyboard */ = {
			isa = PBXVariantGroup;
			children = (
				80B58DFA29934E550010D5AB /* Base */,
			);
			name = LaunchScreen.storyboard;
			sourceTree = "<group>";
		};
/* End PBXVariantGroup section */

/* Begin XCBuildConfiguration section */
		80B58E1329934E550010D5AB /* Debug */ = {
			isa = XCBuildConfiguration;
			buildSettings = {
				ALWAYS_SEARCH_USER_PATHS = NO;
				CLANG_ANALYZER_NONNULL = YES;
				CLANG_ANALYZER_NUMBER_OBJECT_CONVERSION = YES_AGGRESSIVE;
				CLANG_CXX_LANGUAGE_STANDARD = "gnu++20";
				CLANG_ENABLE_MODULES = YES;
				CLANG_ENABLE_OBJC_ARC = YES;
				CLANG_ENABLE_OBJC_WEAK = YES;
				CLANG_WARN_BLOCK_CAPTURE_AUTORELEASING = YES;
				CLANG_WARN_BOOL_CONVERSION = YES;
				CLANG_WARN_COMMA = YES;
				CLANG_WARN_CONSTANT_CONVERSION = YES;
				CLANG_WARN_DEPRECATED_OBJC_IMPLEMENTATIONS = YES;
				CLANG_WARN_DIRECT_OBJC_ISA_USAGE = YES_ERROR;
				CLANG_WARN_DOCUMENTATION_COMMENTS = YES;
				CLANG_WARN_EMPTY_BODY = YES;
				CLANG_WARN_ENUM_CONVERSION = YES;
				CLANG_WARN_INFINITE_RECURSION = YES;
				CLANG_WARN_INT_CONVERSION = YES;
				CLANG_WARN_NON_LITERAL_NULL_CONVERSION = YES;
				CLANG_WARN_OBJC_IMPLICIT_RETAIN_SELF = YES;
				CLANG_WARN_OBJC_LITERAL_CONVERSION = YES;
				CLANG_WARN_OBJC_ROOT_CLASS = YES_ERROR;
				CLANG_WARN_QUOTED_INCLUDE_IN_FRAMEWORK_HEADER = YES;
				CLANG_WARN_RANGE_LOOP_ANALYSIS = YES;
				CLANG_WARN_STRICT_PROTOTYPES = YES;
				CLANG_WARN_SUSPICIOUS_MOVE = YES;
				CLANG_WARN_UNGUARDED_AVAILABILITY = YES_AGGRESSIVE;
				CLANG_WARN_UNREACHABLE_CODE = YES;
				CLANG_WARN__DUPLICATE_METHOD_MATCH = YES;
				COPY_PHASE_STRIP = NO;
				DEBUG_INFORMATION_FORMAT = dwarf;
				ENABLE_STRICT_OBJC_MSGSEND = YES;
				ENABLE_TESTABILITY = YES;
				GCC_C_LANGUAGE_STANDARD = gnu11;
				GCC_DYNAMIC_NO_PIC = NO;
				GCC_NO_COMMON_BLOCKS = YES;
				GCC_OPTIMIZATION_LEVEL = 0;
				GCC_PREPROCESSOR_DEFINITIONS = (
					"DEBUG=1",
					"$(inherited)",
				);
				GCC_WARN_64_TO_32_BIT_CONVERSION = YES;
				GCC_WARN_ABOUT_RETURN_TYPE = YES_ERROR;
				GCC_WARN_UNDECLARED_SELECTOR = YES;
				GCC_WARN_UNINITIALIZED_AUTOS = YES_AGGRESSIVE;
				GCC_WARN_UNUSED_FUNCTION = YES;
				GCC_WARN_UNUSED_VARIABLE = YES;
				IPHONEOS_DEPLOYMENT_TARGET = 16.2;
				MTL_ENABLE_DEBUG_INFO = INCLUDE_SOURCE;
				MTL_FAST_MATH = YES;
				ONLY_ACTIVE_ARCH = YES;
				SDKROOT = iphoneos;
				SWIFT_ACTIVE_COMPILATION_CONDITIONS = DEBUG;
				SWIFT_OPTIMIZATION_LEVEL = "-Onone";
			};
			name = Debug;
		};
		80B58E1429934E550010D5AB /* Release */ = {
			isa = XCBuildConfiguration;
			buildSettings = {
				ALWAYS_SEARCH_USER_PATHS = NO;
				CLANG_ANALYZER_NONNULL = YES;
				CLANG_ANALYZER_NUMBER_OBJECT_CONVERSION = YES_AGGRESSIVE;
				CLANG_CXX_LANGUAGE_STANDARD = "gnu++20";
				CLANG_ENABLE_MODULES = YES;
				CLANG_ENABLE_OBJC_ARC = YES;
				CLANG_ENABLE_OBJC_WEAK = YES;
				CLANG_WARN_BLOCK_CAPTURE_AUTORELEASING = YES;
				CLANG_WARN_BOOL_CONVERSION = YES;
				CLANG_WARN_COMMA = YES;
				CLANG_WARN_CONSTANT_CONVERSION = YES;
				CLANG_WARN_DEPRECATED_OBJC_IMPLEMENTATIONS = YES;
				CLANG_WARN_DIRECT_OBJC_ISA_USAGE = YES_ERROR;
				CLANG_WARN_DOCUMENTATION_COMMENTS = YES;
				CLANG_WARN_EMPTY_BODY = YES;
				CLANG_WARN_ENUM_CONVERSION = YES;
				CLANG_WARN_INFINITE_RECURSION = YES;
				CLANG_WARN_INT_CONVERSION = YES;
				CLANG_WARN_NON_LITERAL_NULL_CONVERSION = YES;
				CLANG_WARN_OBJC_IMPLICIT_RETAIN_SELF = YES;
				CLANG_WARN_OBJC_LITERAL_CONVERSION = YES;
				CLANG_WARN_OBJC_ROOT_CLASS = YES_ERROR;
				CLANG_WARN_QUOTED_INCLUDE_IN_FRAMEWORK_HEADER = YES;
				CLANG_WARN_RANGE_LOOP_ANALYSIS = YES;
				CLANG_WARN_STRICT_PROTOTYPES = YES;
				CLANG_WARN_SUSPICIOUS_MOVE = YES;
				CLANG_WARN_UNGUARDED_AVAILABILITY = YES_AGGRESSIVE;
				CLANG_WARN_UNREACHABLE_CODE = YES;
				CLANG_WARN__DUPLICATE_METHOD_MATCH = YES;
				COPY_PHASE_STRIP = NO;
				DEBUG_INFORMATION_FORMAT = "dwarf-with-dsym";
				ENABLE_NS_ASSERTIONS = NO;
				ENABLE_STRICT_OBJC_MSGSEND = YES;
				GCC_C_LANGUAGE_STANDARD = gnu11;
				GCC_NO_COMMON_BLOCKS = YES;
				GCC_WARN_64_TO_32_BIT_CONVERSION = YES;
				GCC_WARN_ABOUT_RETURN_TYPE = YES_ERROR;
				GCC_WARN_UNDECLARED_SELECTOR = YES;
				GCC_WARN_UNINITIALIZED_AUTOS = YES_AGGRESSIVE;
				GCC_WARN_UNUSED_FUNCTION = YES;
				GCC_WARN_UNUSED_VARIABLE = YES;
				IPHONEOS_DEPLOYMENT_TARGET = 16.2;
				MTL_ENABLE_DEBUG_INFO = NO;
				MTL_FAST_MATH = YES;
				SDKROOT = iphoneos;
				SWIFT_COMPILATION_MODE = wholemodule;
				SWIFT_OPTIMIZATION_LEVEL = "-O";
				VALIDATE_PRODUCT = YES;
			};
			name = Release;
		};
		80B58E1629934E550010D5AB /* Debug */ = {
			isa = XCBuildConfiguration;
			baseConfigurationReference = D09FCC298511160D0C603DF0 /* Pods-Pokedex.debug.xcconfig */;
			buildSettings = {
				ASSETCATALOG_COMPILER_APPICON_NAME = AppIcon;
				ASSETCATALOG_COMPILER_GLOBAL_ACCENT_COLOR_NAME = AccentColor;
				CODE_SIGN_STYLE = Automatic;
				CURRENT_PROJECT_VERSION = 1;
				DEVELOPMENT_TEAM = W2KRQ33G3D;
				GENERATE_INFOPLIST_FILE = YES;
				INFOPLIST_FILE = Pokedex/Info.plist;
				INFOPLIST_KEY_UIApplicationSupportsIndirectInputEvents = YES;
				INFOPLIST_KEY_UILaunchStoryboardName = LaunchScreen;
				INFOPLIST_KEY_UIMainStoryboardFile = Main;
				INFOPLIST_KEY_UISupportedInterfaceOrientations_iPad = "UIInterfaceOrientationPortrait UIInterfaceOrientationPortraitUpsideDown UIInterfaceOrientationLandscapeLeft UIInterfaceOrientationLandscapeRight";
				INFOPLIST_KEY_UISupportedInterfaceOrientations_iPhone = "UIInterfaceOrientationPortrait UIInterfaceOrientationLandscapeLeft UIInterfaceOrientationLandscapeRight";
				LD_RUNPATH_SEARCH_PATHS = (
					"$(inherited)",
					"@executable_path/Frameworks",
				);
				MARKETING_VERSION = 1.0;
				PRODUCT_BUNDLE_IDENTIFIER = ikaru19.Pokedex;
				PRODUCT_NAME = "$(TARGET_NAME)";
				SWIFT_EMIT_LOC_STRINGS = YES;
				SWIFT_VERSION = 5.0;
				TARGETED_DEVICE_FAMILY = "1,2";
			};
			name = Debug;
		};
		80B58E1729934E550010D5AB /* Release */ = {
			isa = XCBuildConfiguration;
			baseConfigurationReference = 6A1D1AA89355DBDBD9432960 /* Pods-Pokedex.release.xcconfig */;
			buildSettings = {
				ASSETCATALOG_COMPILER_APPICON_NAME = AppIcon;
				ASSETCATALOG_COMPILER_GLOBAL_ACCENT_COLOR_NAME = AccentColor;
				CODE_SIGN_STYLE = Automatic;
				CURRENT_PROJECT_VERSION = 1;
				DEVELOPMENT_TEAM = W2KRQ33G3D;
				GENERATE_INFOPLIST_FILE = YES;
				INFOPLIST_FILE = Pokedex/Info.plist;
				INFOPLIST_KEY_UIApplicationSupportsIndirectInputEvents = YES;
				INFOPLIST_KEY_UILaunchStoryboardName = LaunchScreen;
				INFOPLIST_KEY_UIMainStoryboardFile = Main;
				INFOPLIST_KEY_UISupportedInterfaceOrientations_iPad = "UIInterfaceOrientationPortrait UIInterfaceOrientationPortraitUpsideDown UIInterfaceOrientationLandscapeLeft UIInterfaceOrientationLandscapeRight";
				INFOPLIST_KEY_UISupportedInterfaceOrientations_iPhone = "UIInterfaceOrientationPortrait UIInterfaceOrientationLandscapeLeft UIInterfaceOrientationLandscapeRight";
				LD_RUNPATH_SEARCH_PATHS = (
					"$(inherited)",
					"@executable_path/Frameworks",
				);
				MARKETING_VERSION = 1.0;
				PRODUCT_BUNDLE_IDENTIFIER = ikaru19.Pokedex;
				PRODUCT_NAME = "$(TARGET_NAME)";
				SWIFT_EMIT_LOC_STRINGS = YES;
				SWIFT_VERSION = 5.0;
				TARGETED_DEVICE_FAMILY = "1,2";
			};
			name = Release;
		};
		80B58E1929934E550010D5AB /* Debug */ = {
			isa = XCBuildConfiguration;
			baseConfigurationReference = 84D0CCED4CFA11031658C3E2 /* Pods-PokedexTests.debug.xcconfig */;
			buildSettings = {
				ALWAYS_EMBED_SWIFT_STANDARD_LIBRARIES = YES;
				BUNDLE_LOADER = "$(TEST_HOST)";
				CODE_SIGN_STYLE = Automatic;
				CURRENT_PROJECT_VERSION = 1;
				DEVELOPMENT_TEAM = W2KRQ33G3D;
				GENERATE_INFOPLIST_FILE = YES;
				IPHONEOS_DEPLOYMENT_TARGET = 16.2;
				MARKETING_VERSION = 1.0;
				PRODUCT_BUNDLE_IDENTIFIER = ikaru19.PokedexTests;
				PRODUCT_NAME = "$(TARGET_NAME)";
				SWIFT_EMIT_LOC_STRINGS = NO;
				SWIFT_VERSION = 5.0;
				TARGETED_DEVICE_FAMILY = "1,2";
				TEST_HOST = "$(BUILT_PRODUCTS_DIR)/Pokedex.app/$(BUNDLE_EXECUTABLE_FOLDER_PATH)/Pokedex";
			};
			name = Debug;
		};
		80B58E1A29934E550010D5AB /* Release */ = {
			isa = XCBuildConfiguration;
			baseConfigurationReference = D229C9FB7237751CFD9FBDB5 /* Pods-PokedexTests.release.xcconfig */;
			buildSettings = {
				ALWAYS_EMBED_SWIFT_STANDARD_LIBRARIES = YES;
				BUNDLE_LOADER = "$(TEST_HOST)";
				CODE_SIGN_STYLE = Automatic;
				CURRENT_PROJECT_VERSION = 1;
				DEVELOPMENT_TEAM = W2KRQ33G3D;
				GENERATE_INFOPLIST_FILE = YES;
				IPHONEOS_DEPLOYMENT_TARGET = 16.2;
				MARKETING_VERSION = 1.0;
				PRODUCT_BUNDLE_IDENTIFIER = ikaru19.PokedexTests;
				PRODUCT_NAME = "$(TARGET_NAME)";
				SWIFT_EMIT_LOC_STRINGS = NO;
				SWIFT_VERSION = 5.0;
				TARGETED_DEVICE_FAMILY = "1,2";
				TEST_HOST = "$(BUILT_PRODUCTS_DIR)/Pokedex.app/$(BUNDLE_EXECUTABLE_FOLDER_PATH)/Pokedex";
			};
			name = Release;
		};
		80B58E1C29934E550010D5AB /* Debug */ = {
			isa = XCBuildConfiguration;
			baseConfigurationReference = D97559C8A7CFDACBD12EDF8A /* Pods-Pokedex-PokedexUITests.debug.xcconfig */;
			buildSettings = {
				ALWAYS_EMBED_SWIFT_STANDARD_LIBRARIES = YES;
				CODE_SIGN_STYLE = Automatic;
				CURRENT_PROJECT_VERSION = 1;
				DEVELOPMENT_TEAM = W2KRQ33G3D;
				GENERATE_INFOPLIST_FILE = YES;
				MARKETING_VERSION = 1.0;
				PRODUCT_BUNDLE_IDENTIFIER = ikaru19.PokedexUITests;
				PRODUCT_NAME = "$(TARGET_NAME)";
				SWIFT_EMIT_LOC_STRINGS = NO;
				SWIFT_VERSION = 5.0;
				TARGETED_DEVICE_FAMILY = "1,2";
				TEST_TARGET_NAME = Pokedex;
			};
			name = Debug;
		};
		80B58E1D29934E550010D5AB /* Release */ = {
			isa = XCBuildConfiguration;
			baseConfigurationReference = A8C0B98D22B82A1579924A39 /* Pods-Pokedex-PokedexUITests.release.xcconfig */;
			buildSettings = {
				ALWAYS_EMBED_SWIFT_STANDARD_LIBRARIES = YES;
				CODE_SIGN_STYLE = Automatic;
				CURRENT_PROJECT_VERSION = 1;
				DEVELOPMENT_TEAM = W2KRQ33G3D;
				GENERATE_INFOPLIST_FILE = YES;
				MARKETING_VERSION = 1.0;
				PRODUCT_BUNDLE_IDENTIFIER = ikaru19.PokedexUITests;
				PRODUCT_NAME = "$(TARGET_NAME)";
				SWIFT_EMIT_LOC_STRINGS = NO;
				SWIFT_VERSION = 5.0;
				TARGETED_DEVICE_FAMILY = "1,2";
				TEST_TARGET_NAME = Pokedex;
			};
			name = Release;
		};
/* End XCBuildConfiguration section */

/* Begin XCConfigurationList section */
		80B58DE629934E530010D5AB /* Build configuration list for PBXProject "Pokedex" */ = {
			isa = XCConfigurationList;
			buildConfigurations = (
				80B58E1329934E550010D5AB /* Debug */,
				80B58E1429934E550010D5AB /* Release */,
			);
			defaultConfigurationIsVisible = 0;
			defaultConfigurationName = Release;
		};
		80B58E1529934E550010D5AB /* Build configuration list for PBXNativeTarget "Pokedex" */ = {
			isa = XCConfigurationList;
			buildConfigurations = (
				80B58E1629934E550010D5AB /* Debug */,
				80B58E1729934E550010D5AB /* Release */,
			);
			defaultConfigurationIsVisible = 0;
			defaultConfigurationName = Release;
		};
		80B58E1829934E550010D5AB /* Build configuration list for PBXNativeTarget "PokedexTests" */ = {
			isa = XCConfigurationList;
			buildConfigurations = (
				80B58E1929934E550010D5AB /* Debug */,
				80B58E1A29934E550010D5AB /* Release */,
			);
			defaultConfigurationIsVisible = 0;
			defaultConfigurationName = Release;
		};
		80B58E1B29934E550010D5AB /* Build configuration list for PBXNativeTarget "PokedexUITests" */ = {
			isa = XCConfigurationList;
			buildConfigurations = (
				80B58E1C29934E550010D5AB /* Debug */,
				80B58E1D29934E550010D5AB /* Release */,
			);
			defaultConfigurationIsVisible = 0;
			defaultConfigurationName = Release;
		};
/* End XCConfigurationList section */
	};
	rootObject = 80B58DE329934E530010D5AB /* Project object */;
}
